
Microsoft Visual Studio Solution File, Format Version 12.00
# Visual Studio Version 16
VisualStudioVersion = 16.0.29102.190
MinimumVisualStudioVersion = 10.0.40219.1
Project("{FAE04EC0-301F-11D3-BF4B-00C04F79EFBC}") = "MvcCrud", "MvcCrud\MvcCrud.csproj", "{AA08091C-ADED-48CD-BADC-83330EA117DF}"
EndProject
Global
	GlobalSection(SolutionConfigurationPlatforms) = preSolution
		Debug|Any CPU = Debug|Any CPU
		Release|Any CPU = Release|Any CPU
	EndGlobalSection
	GlobalSection(ProjectConfigurationPlatforms) = postSolution
		{AA08091C-ADED-48CD-BADC-83330EA117DF}.Debug|Any CPU.ActiveCfg = Debug|Any CPU
		{AA08091C-ADED-48CD-BADC-83330EA117DF}.Debug|Any CPU.Build.0 = Debug|Any CPU
		{AA08091C-ADED-48CD-BADC-83330EA117DF}.Release|Any CPU.ActiveCfg = Release|Any CPU
		{AA08091C-ADED-48CD-BADC-83330EA117DF}.Release|Any CPU.Build.0 = Release|Any CPU
	EndGlobalSection
	GlobalSection(SolutionProperties) = preSolution
		HideSolutionNode = FALSE
	EndGlobalSection
	GlobalSection(ExtensibilityGlobals) = postSolution
		SolutionGuid = {EDB12737-F44A-4700-9999-7E45FBB913B7}
	EndGlobalSection
EndGlobal
